{
  "name": "map",
  "version": "0.1.0",
  "lockfileVersion": 1,
  "requires": true,
  "dependencies": {
    "argparse": {
      "version": "1.0.10",
      "resolved": "http://registry.npm.taobao.org/argparse/download/argparse-1.0.10.tgz",
      "integrity": "sha1-vNZ5HqWuCXJeF+WtmIE0zUCz2RE=",
      "requires": {
        "sprintf-js": "~1.0.2"
      }
    },
    "bmaplib.curveline": {
      "version": "1.0.0",
      "resolved": "https://registry.npm.taobao.org/bmaplib.curveline/download/bmaplib.curveline-1.0.0.tgz",
      "integrity": "sha1-gm6wvxxZ+tGyMUK+Zvw2DPAJrqI="
    },
    "bmaplib.heatmap": {
      "version": "1.0.4",
      "resolved": "https://registry.npm.taobao.org/bmaplib.heatmap/download/bmaplib.heatmap-1.0.4.tgz",
      "integrity": "sha1-MBYSYncf54rzVwX/kkV3Jd5dmFA="
    },
    "bmaplib.lushu": {
      "version": "1.0.7",
      "resolved": "https://registry.npm.taobao.org/bmaplib.lushu/download/bmaplib.lushu-1.0.7.tgz",
      "integrity": "sha1-d8F9z3FI0wxG6EMMf/hrIOQYuLg="
    },
    "bmaplib.markerclusterer": {
      "version": "1.0.13",
      "resolved": "https://registry.npm.taobao.org/bmaplib.markerclusterer/download/bmaplib.markerclusterer-1.0.13.tgz",
      "integrity": "sha1-RC1xpsQIRO5H0B9tshZrVFMLW9E=",
      "requires": {
        "bmaplib.texticonoverlay": "^1.0.2"
      }
    },
    "bmaplib.texticonoverlay": {
      "version": "1.0.2",
      "resolved": "https://registry.npm.taobao.org/bmaplib.texticonoverlay/download/bmaplib.texticonoverlay-1.0.2.tgz",
      "integrity": "sha1-14VG6g8DbZ/pZJg3ljFbbBEqBb8="
    },
    "body-scroll-lock": {
      "version": "2.6.4",
      "resolved": "https://registry.npm.taobao.org/body-scroll-lock/download/body-scroll-lock-2.6.4.tgz",
      "integrity": "sha1-Vnq8YO9NZWp5FWeBdxOY70BGLpQ="
    },
    "core-js": {
      "version": "2.6.9",
      "resolved": "https://registry.npm.taobao.org/core-js/download/core-js-2.6.9.tgz",
      "integrity": "sha1-a0shRiDINBUuF5Mjcn/Bl0GwhPI="
    },
    "dayjs": {
      "version": "1.8.16",
      "resolved": "https://registry.npm.taobao.org/dayjs/download/dayjs-1.8.16.tgz",
      "integrity": "sha1-Kjdx3lNyVRkblHlXry/ZABLnHmQ="
    },
    "entities": {
      "version": "1.1.2",
      "resolved": "https://registry.npm.taobao.org/entities/download/entities-1.1.2.tgz",
      "integrity": "sha1-vfpzUplmTfr9NFKe1PhSKidf6lY="
    },
    "keycode": {
      "version": "2.2.0",
      "resolved": "http://registry.npm.taobao.org/keycode/download/keycode-2.2.0.tgz",
      "integrity": "sha1-PQr1bce4uOXLqNCpfxByBO7CKwQ="
    },
    "linkify-it": {
      "version": "2.2.0",
      "resolved": "https://registry.npm.taobao.org/linkify-it/download/linkify-it-2.2.0.tgz",
      "integrity": "sha1-47VGl+eL+RXHCjis14/QngBYsc8=",
      "requires": {
        "uc.micro": "^1.0.1"
      }
    },
    "markdown-it": {
      "version": "8.4.2",
      "resolved": "https://registry.npm.taobao.org/markdown-it/download/markdown-it-8.4.2.tgz",
      "integrity": "sha1-OG+YmY3BWjdyKqdyIIT0Agvdm1Q=",
      "requires": {
        "argparse": "^1.0.7",
        "entities": "~1.1.1",
        "linkify-it": "^2.0.0",
        "mdurl": "^1.0.1",
        "uc.micro": "^1.0.5"
      }
    },
    "mdurl": {
      "version": "1.0.1",
      "resolved": "https://registry.npm.taobao.org/mdurl/download/mdurl-1.0.1.tgz",
      "integrity": "sha1-/oWy7HWlkDfyrf7BAP1sYBdhFS4="
    },
    "muse-ui": {
      "version": "3.0.2",
      "resolved": "http://registry.npm.taobao.org/muse-ui/download/muse-ui-3.0.2.tgz",
      "integrity": "sha1-8pLooGPWJdNbHc4bFQS8DMzXjmU=",
      "requires": {
        "body-scroll-lock": "^2.6.1",
        "dayjs": "^1.8.2",
        "keycode": "^2.1.9",
        "normalize-wheel": "^1.0.1",
        "resize-observer-polyfill": "^1.5.0"
      }
    },
    "muse-ui-loading": {
      "version": "0.2.0",
      "resolved": "https://registry.npm.taobao.org/muse-ui-loading/download/muse-ui-loading-0.2.0.tgz",
      "integrity": "sha1-patQYXtmMU7ySQ3AcD9pTCVWc+4="
    },
    "muse-ui-toast": {
      "version": "0.3.0",
      "resolved": "https://registry.npm.taobao.org/muse-ui-toast/download/muse-ui-toast-0.3.0.tgz",
      "integrity": "sha1-VyvGwlBXnD1vTa/IU15jHEAbjbA="
    },
    "normalize-wheel": {
      "version": "1.0.1",
      "resolved": "https://registry.npm.taobao.org/normalize-wheel/download/normalize-wheel-1.0.1.tgz",
      "integrity": "sha1-rsiGr/2wRQcNhWRH32Ls+GFG7EU="
    },
    "nosleep.js": {
      "version": "0.9.0",
      "resolved": "https://registry.npm.taobao.org/nosleep.js/download/nosleep.js-0.9.0.tgz",
      "integrity": "sha1-DxNxuB3BguO2u9uDfogPFtudcWM="
    },
    "register-service-worker": {
      "version": "1.6.2",
      "resolved": "http://registry.npm.taobao.org/register-service-worker/download/register-service-worker-1.6.2.tgz",
      "integrity": "sha1-kpflTCBcNxxuSb+oj2mX6N0xX0w="
    },
    "resize-observer-polyfill": {
      "version": "1.5.1",
      "resolved": "https://registry.npm.taobao.org/resize-observer-polyfill/download/resize-observer-polyfill-1.5.1.tgz",
      "integrity": "sha1-DpAg3T0hAkRY1OvSfiPkAmmBBGQ="
    },
    "sprintf-js": {
      "version": "1.0.3",
      "resolved": "http://registry.npm.taobao.org/sprintf-js/download/sprintf-js-1.0.3.tgz",
      "integrity": "sha1-BOaSb2YolTVPPdAVIDYzuFcpfiw="
    },
    "uc.micro": {
      "version": "1.0.6",
      "resolved": "https://registry.npm.taobao.org/uc.micro/download/uc.micro-1.0.6.tgz",
      "integrity": "sha1-nEEagCpAmpH8bPdAgbq6NLJEmaw="
    },
    "vue": {
      "version": "2.6.10",
      "resolved": "http://registry.npm.taobao.org/vue/download/vue-2.6.10.tgz",
      "integrity": "sha1-pysaQqTYKnIepDjRtr9V5mGVxjc="
    },
    "vue-baidu-map": {
      "version": "0.21.22",
      "resolved": "https://registry.npm.taobao.org/vue-baidu-map/download/vue-baidu-map-0.21.22.tgz",
      "integrity": "sha1-a3apHvNPGKeC1zKrD1QaGjqgaeA=",
      "requires": {
        "bmaplib.curveline": "^1.0.0",
        "bmaplib.heatmap": "^1.0.4",
        "bmaplib.lushu": "^1.0.7",
        "bmaplib.markerclusterer": "^1.0.13",
        "markdown-it": "^8.4.0"
      }
    },
    "vue-router": {
      "version": "3.1.3",
      "resolved": "https://registry.npm.taobao.org/vue-router/download/vue-router-3.1.3.tgz?cache=0&other_urls=https%3A%2F%2Fregistry.npm.taobao.org%2Fvue-router%2Fdownload%2Fvue-router-3.1.3.tgz",
      "integrity": "sha1-5rFPq8DA7p/aDiy72nSzUOKOQSs="
    }
  }
}
